
Microsoft Visual Studio Solution File, Format Version 12.00
# Visual Studio Version 16
VisualStudioVersion = 16.0.29324.140
MinimumVisualStudioVersion = 10.0.40219.1
Project("{FAE04EC0-301F-11D3-BF4B-00C04F79EFBC}") = "examtopicproperties", "examtopicfilter\examtopicproperties.csproj", "{323F3131-B600-4396-9A86-0E716BE5792C}"
EndProject
Global
	GlobalSection(SolutionConfigurationPlatforms) = preSolution
		Debug|Any CPU = Debug|Any CPU
		Release|Any CPU = Release|Any CPU
	EndGlobalSection
	GlobalSection(ProjectConfigurationPlatforms) = postSolution
		{323F3131-B600-4396-9A86-0E716BE5792C}.Debug|Any CPU.ActiveCfg = Debug|Any CPU
		{323F3131-B600-4396-9A86-0E716BE5792C}.Debug|Any CPU.Build.0 = Debug|Any CPU
		{323F3131-B600-4396-9A86-0E716BE5792C}.Release|Any CPU.ActiveCfg = Release|Any CPU
		{323F3131-B600-4396-9A86-0E716BE5792C}.Release|Any CPU.Build.0 = Release|Any CPU
	EndGlobalSection
	GlobalSection(SolutionProperties) = preSolution
		HideSolutionNode = FALSE
	EndGlobalSection
	GlobalSection(ExtensibilityGlobals) = postSolution
		SolutionGuid = {91B310C7-4691-42E9-BBE6-2C131DDB214A}
	EndGlobalSection
EndGlobal
